
Microsoft Visual Studio Solution File, Format Version 12.00
# Visual Studio Version 17
VisualStudioVersion = 17.5.33516.290
MinimumVisualStudioVersion = 10.0.40219.1
Project("{FAE04EC0-301F-11D3-BF4B-00C04F79EFBC}") = "plecak", "plecak\plecak.csproj", "{F7F1E4FF-0E86-4B50-9603-41DBCE03F051}"
EndProject
Project("{FAE04EC0-301F-11D3-BF4B-00C04F79EFBC}") = "UnitTest", "UnitTest\UnitTest.csproj", "{5AB9B742-04A3-4451-8357-A7818A1A9281}"
EndProject
Project("{FAE04EC0-301F-11D3-BF4B-00C04F79EFBC}") = "Gui", "Gui\Gui.csproj", "{D22082DA-641E-44FF-9C28-A05ADB1C120F}"
EndProject
Global
	GlobalSection(SolutionConfigurationPlatforms) = preSolution
		Debug|Any CPU = Debug|Any CPU
		Release|Any CPU = Release|Any CPU
	EndGlobalSection
	GlobalSection(ProjectConfigurationPlatforms) = postSolution
		{F7F1E4FF-0E86-4B50-9603-41DBCE03F051}.Debug|Any CPU.ActiveCfg = Debug|Any CPU
		{F7F1E4FF-0E86-4B50-9603-41DBCE03F051}.Debug|Any CPU.Build.0 = Debug|Any CPU
		{F7F1E4FF-0E86-4B50-9603-41DBCE03F051}.Release|Any CPU.ActiveCfg = Release|Any CPU
		{F7F1E4FF-0E86-4B50-9603-41DBCE03F051}.Release|Any CPU.Build.0 = Release|Any CPU
		{5AB9B742-04A3-4451-8357-A7818A1A9281}.Debug|Any CPU.ActiveCfg = Debug|Any CPU
		{5AB9B742-04A3-4451-8357-A7818A1A9281}.Debug|Any CPU.Build.0 = Debug|Any CPU
		{5AB9B742-04A3-4451-8357-A7818A1A9281}.Release|Any CPU.ActiveCfg = Release|Any CPU
		{5AB9B742-04A3-4451-8357-A7818A1A9281}.Release|Any CPU.Build.0 = Release|Any CPU
		{D22082DA-641E-44FF-9C28-A05ADB1C120F}.Debug|Any CPU.ActiveCfg = Debug|Any CPU
		{D22082DA-641E-44FF-9C28-A05ADB1C120F}.Debug|Any CPU.Build.0 = Debug|Any CPU
		{D22082DA-641E-44FF-9C28-A05ADB1C120F}.Release|Any CPU.ActiveCfg = Release|Any CPU
		{D22082DA-641E-44FF-9C28-A05ADB1C120F}.Release|Any CPU.Build.0 = Release|Any CPU
	EndGlobalSection
	GlobalSection(SolutionProperties) = preSolution
		HideSolutionNode = FALSE
	EndGlobalSection
	GlobalSection(ExtensibilityGlobals) = postSolution
		SolutionGuid = {17FFFB1E-643E-4C8A-B64E-3C9912948A96}
	EndGlobalSection
EndGlobal
